{
  "name": "bobscout-schedule-maker",
  "version": "1.0.0",
  "lockfileVersion": 1,
  "requires": true,
  "dependencies": {
    "tba-api-client": {
      "version": "1.0.2",
      "resolved": "https://registry.npmjs.org/tba-api-client/-/tba-api-client-1.0.2.tgz",
      "integrity": "sha512-svbAGjgOq5U9eotdGoin5HjLAjRECK17vzs6J4Sp34w0ONfb3bAdcqF6Pkz/ChERt4wUNMs65soXGX9sDWQUGw=="
    }
  }
}
